
Microsoft Visual Studio Solution File, Format Version 12.00
# Visual Studio Version 17
VisualStudioVersion = 17.11.35222.181
MinimumVisualStudioVersion = 10.0.40219.1
Project("{FAE04EC0-301F-11D3-BF4B-00C04F79EFBC}") = "Biblioteca", "Biblioteca.csproj", "{454DF591-3CB3-4A1E-8696-99681F5B6864}"
EndProject
Global
	GlobalSection(SolutionConfigurationPlatforms) = preSolution
		Debug|Any CPU = Debug|Any CPU
		Release|Any CPU = Release|Any CPU
	EndGlobalSection
	GlobalSection(ProjectConfigurationPlatforms) = postSolution
		{454DF591-3CB3-4A1E-8696-99681F5B6864}.Debug|Any CPU.ActiveCfg = Debug|Any CPU
		{454DF591-3CB3-4A1E-8696-99681F5B6864}.Debug|Any CPU.Build.0 = Debug|Any CPU
		{454DF591-3CB3-4A1E-8696-99681F5B6864}.Release|Any CPU.ActiveCfg = Release|Any CPU
		{454DF591-3CB3-4A1E-8696-99681F5B6864}.Release|Any CPU.Build.0 = Release|Any CPU
	EndGlobalSection
	GlobalSection(SolutionProperties) = preSolution
		HideSolutionNode = FALSE
	EndGlobalSection
	GlobalSection(ExtensibilityGlobals) = postSolution
		SolutionGuid = {9867339B-986C-45C1-83E0-D6E758C85195}
	EndGlobalSection
EndGlobal
